
Microsoft Visual Studio Solution File, Format Version 12.00
# Visual Studio Version 17
VisualStudioVersion = 17.2.32616.157
MinimumVisualStudioVersion = 10.0.40219.1
Project("{FAE04EC0-301F-11D3-BF4B-00C04F79EFBC}") = "QuestionNo2", "QuestionNo2.csproj", "{AA6AA692-5AB7-4875-AD22-96576D5AF7C9}"
EndProject
Global
	GlobalSection(SolutionConfigurationPlatforms) = preSolution
		Debug|Any CPU = Debug|Any CPU
		Release|Any CPU = Release|Any CPU
	EndGlobalSection
	GlobalSection(ProjectConfigurationPlatforms) = postSolution
		{AA6AA692-5AB7-4875-AD22-96576D5AF7C9}.Debug|Any CPU.ActiveCfg = Debug|Any CPU
		{AA6AA692-5AB7-4875-AD22-96576D5AF7C9}.Debug|Any CPU.Build.0 = Debug|Any CPU
		{AA6AA692-5AB7-4875-AD22-96576D5AF7C9}.Release|Any CPU.ActiveCfg = Release|Any CPU
		{AA6AA692-5AB7-4875-AD22-96576D5AF7C9}.Release|Any CPU.Build.0 = Release|Any CPU
	EndGlobalSection
	GlobalSection(SolutionProperties) = preSolution
		HideSolutionNode = FALSE
	EndGlobalSection
	GlobalSection(ExtensibilityGlobals) = postSolution
		SolutionGuid = {47908F39-31B7-4F56-96F4-0322207443AE}
	EndGlobalSection
EndGlobal
